
Microsoft Visual Studio Solution File, Format Version 12.00
Project("{FAE04EC0-301F-11D3-BF4B-00C04F79EFBC}") = "strategy", "strategy\strategy.csproj", "{88B26221-83D0-402B-9B3B-891878AAFA93}"
EndProject
Project("{FAE04EC0-301F-11D3-BF4B-00C04F79EFBC}") = "observer", "observer\observer.csproj", "{7C246946-0324-4E1E-B1A6-5A250559A61D}"
EndProject
Project("{FAE04EC0-301F-11D3-BF4B-00C04F79EFBC}") = "decorator", "decorator\decorator.csproj", "{4A8DD049-C308-4C8F-A8ED-8069D9DA5EF1}"
EndProject
Project("{FAE04EC0-301F-11D3-BF4B-00C04F79EFBC}") = "factory_method", "factory_method\factory_method.csproj", "{037CA518-7130-4AB3-A0DD-16324E1AD22F}"
EndProject
Project("{FAE04EC0-301F-11D3-BF4B-00C04F79EFBC}") = "abstract_factory", "abstract_factory\abstract_factory.csproj", "{13F86BD1-648B-453A-A7CE-8162C05A8A7E}"
EndProject
Project("{FAE04EC0-301F-11D3-BF4B-00C04F79EFBC}") = "singleton", "singleton\singleton.csproj", "{8C79EBAF-8557-4173-8846-801EDD62101E}"
EndProject
Project("{FAE04EC0-301F-11D3-BF4B-00C04F79EFBC}") = "command", "command\command.csproj", "{B3FDF870-71D1-4305-BF3A-C169A9571FF9}"
EndProject
Project("{FAE04EC0-301F-11D3-BF4B-00C04F79EFBC}") = "adapter", "adapter\adapter.csproj", "{F8707F4F-1878-4BD7-8DE3-7461323BED7F}"
EndProject
Project("{FAE04EC0-301F-11D3-BF4B-00C04F79EFBC}") = "facade", "facade\facade.csproj", "{6BBD3E7B-DD51-47C1-85EE-34479D86863E}"
EndProject
Project("{FAE04EC0-301F-11D3-BF4B-00C04F79EFBC}") = "template_method", "template_method\template_method.csproj", "{DA897DBB-C82F-46AB-8F14-11A511C32C4B}"
EndProject
Project("{FAE04EC0-301F-11D3-BF4B-00C04F79EFBC}") = "iterator", "iterator\iterator.csproj", "{FC952270-3571-4123-A9EC-F02147546B7E}"
EndProject
Project("{FAE04EC0-301F-11D3-BF4B-00C04F79EFBC}") = "composite", "composite\composite.csproj", "{0557E998-E582-44D1-BE5A-FE4B5E1A4898}"
EndProject
Project("{FAE04EC0-301F-11D3-BF4B-00C04F79EFBC}") = "state", "state\state.csproj", "{8FD3B22E-B65D-4CB3-ADEF-EADBAACE0195}"
EndProject
Project("{FAE04EC0-301F-11D3-BF4B-00C04F79EFBC}") = "proxy", "proxy\proxy.csproj", "{72D3C4B6-9BFE-4230-BB9D-0FF7E03EFBB5}"
EndProject
Project("{FAE04EC0-301F-11D3-BF4B-00C04F79EFBC}") = "bridge", "bridge\bridge.csproj", "{24809FA1-C614-4A3F-A5CE-75A835036F8B}"
EndProject
Project("{FAE04EC0-301F-11D3-BF4B-00C04F79EFBC}") = "builder", "builder\builder.csproj", "{79626217-564C-49A8-A21B-6A33FACECA22}"
EndProject
Global
	GlobalSection(SolutionConfigurationPlatforms) = preSolution
		Debug|Any CPU = Debug|Any CPU
		Release|Any CPU = Release|Any CPU
	EndGlobalSection
	GlobalSection(ProjectConfigurationPlatforms) = postSolution
		{88B26221-83D0-402B-9B3B-891878AAFA93}.Debug|Any CPU.ActiveCfg = Debug|Any CPU
		{88B26221-83D0-402B-9B3B-891878AAFA93}.Debug|Any CPU.Build.0 = Debug|Any CPU
		{88B26221-83D0-402B-9B3B-891878AAFA93}.Release|Any CPU.ActiveCfg = Release|Any CPU
		{88B26221-83D0-402B-9B3B-891878AAFA93}.Release|Any CPU.Build.0 = Release|Any CPU
		{7C246946-0324-4E1E-B1A6-5A250559A61D}.Debug|Any CPU.ActiveCfg = Debug|Any CPU
		{7C246946-0324-4E1E-B1A6-5A250559A61D}.Debug|Any CPU.Build.0 = Debug|Any CPU
		{7C246946-0324-4E1E-B1A6-5A250559A61D}.Release|Any CPU.ActiveCfg = Release|Any CPU
		{7C246946-0324-4E1E-B1A6-5A250559A61D}.Release|Any CPU.Build.0 = Release|Any CPU
		{4A8DD049-C308-4C8F-A8ED-8069D9DA5EF1}.Debug|Any CPU.ActiveCfg = Debug|Any CPU
		{4A8DD049-C308-4C8F-A8ED-8069D9DA5EF1}.Debug|Any CPU.Build.0 = Debug|Any CPU
		{4A8DD049-C308-4C8F-A8ED-8069D9DA5EF1}.Release|Any CPU.ActiveCfg = Release|Any CPU
		{4A8DD049-C308-4C8F-A8ED-8069D9DA5EF1}.Release|Any CPU.Build.0 = Release|Any CPU
		{037CA518-7130-4AB3-A0DD-16324E1AD22F}.Debug|Any CPU.ActiveCfg = Debug|Any CPU
		{037CA518-7130-4AB3-A0DD-16324E1AD22F}.Debug|Any CPU.Build.0 = Debug|Any CPU
		{037CA518-7130-4AB3-A0DD-16324E1AD22F}.Release|Any CPU.ActiveCfg = Release|Any CPU
		{037CA518-7130-4AB3-A0DD-16324E1AD22F}.Release|Any CPU.Build.0 = Release|Any CPU
		{13F86BD1-648B-453A-A7CE-8162C05A8A7E}.Debug|Any CPU.ActiveCfg = Debug|Any CPU
		{13F86BD1-648B-453A-A7CE-8162C05A8A7E}.Debug|Any CPU.Build.0 = Debug|Any CPU
		{13F86BD1-648B-453A-A7CE-8162C05A8A7E}.Release|Any CPU.ActiveCfg = Release|Any CPU
		{13F86BD1-648B-453A-A7CE-8162C05A8A7E}.Release|Any CPU.Build.0 = Release|Any CPU
		{8C79EBAF-8557-4173-8846-801EDD62101E}.Debug|Any CPU.ActiveCfg = Debug|Any CPU
		{8C79EBAF-8557-4173-8846-801EDD62101E}.Debug|Any CPU.Build.0 = Debug|Any CPU
		{8C79EBAF-8557-4173-8846-801EDD62101E}.Release|Any CPU.ActiveCfg = Release|Any CPU
		{8C79EBAF-8557-4173-8846-801EDD62101E}.Release|Any CPU.Build.0 = Release|Any CPU
		{B3FDF870-71D1-4305-BF3A-C169A9571FF9}.Debug|Any CPU.ActiveCfg = Debug|Any CPU
		{B3FDF870-71D1-4305-BF3A-C169A9571FF9}.Debug|Any CPU.Build.0 = Debug|Any CPU
		{B3FDF870-71D1-4305-BF3A-C169A9571FF9}.Release|Any CPU.ActiveCfg = Release|Any CPU
		{B3FDF870-71D1-4305-BF3A-C169A9571FF9}.Release|Any CPU.Build.0 = Release|Any CPU
		{F8707F4F-1878-4BD7-8DE3-7461323BED7F}.Debug|Any CPU.ActiveCfg = Debug|Any CPU
		{F8707F4F-1878-4BD7-8DE3-7461323BED7F}.Debug|Any CPU.Build.0 = Debug|Any CPU
		{F8707F4F-1878-4BD7-8DE3-7461323BED7F}.Release|Any CPU.ActiveCfg = Release|Any CPU
		{F8707F4F-1878-4BD7-8DE3-7461323BED7F}.Release|Any CPU.Build.0 = Release|Any CPU
		{6BBD3E7B-DD51-47C1-85EE-34479D86863E}.Debug|Any CPU.ActiveCfg = Debug|Any CPU
		{6BBD3E7B-DD51-47C1-85EE-34479D86863E}.Debug|Any CPU.Build.0 = Debug|Any CPU
		{6BBD3E7B-DD51-47C1-85EE-34479D86863E}.Release|Any CPU.ActiveCfg = Release|Any CPU
		{6BBD3E7B-DD51-47C1-85EE-34479D86863E}.Release|Any CPU.Build.0 = Release|Any CPU
		{DA897DBB-C82F-46AB-8F14-11A511C32C4B}.Debug|Any CPU.ActiveCfg = Debug|Any CPU
		{DA897DBB-C82F-46AB-8F14-11A511C32C4B}.Debug|Any CPU.Build.0 = Debug|Any CPU
		{DA897DBB-C82F-46AB-8F14-11A511C32C4B}.Release|Any CPU.ActiveCfg = Release|Any CPU
		{DA897DBB-C82F-46AB-8F14-11A511C32C4B}.Release|Any CPU.Build.0 = Release|Any CPU
		{FC952270-3571-4123-A9EC-F02147546B7E}.Debug|Any CPU.ActiveCfg = Debug|Any CPU
		{FC952270-3571-4123-A9EC-F02147546B7E}.Debug|Any CPU.Build.0 = Debug|Any CPU
		{FC952270-3571-4123-A9EC-F02147546B7E}.Release|Any CPU.ActiveCfg = Release|Any CPU
		{FC952270-3571-4123-A9EC-F02147546B7E}.Release|Any CPU.Build.0 = Release|Any CPU
		{0557E998-E582-44D1-BE5A-FE4B5E1A4898}.Debug|Any CPU.ActiveCfg = Debug|Any CPU
		{0557E998-E582-44D1-BE5A-FE4B5E1A4898}.Debug|Any CPU.Build.0 = Debug|Any CPU
		{0557E998-E582-44D1-BE5A-FE4B5E1A4898}.Release|Any CPU.ActiveCfg = Release|Any CPU
		{0557E998-E582-44D1-BE5A-FE4B5E1A4898}.Release|Any CPU.Build.0 = Release|Any CPU
		{8FD3B22E-B65D-4CB3-ADEF-EADBAACE0195}.Debug|Any CPU.ActiveCfg = Debug|Any CPU
		{8FD3B22E-B65D-4CB3-ADEF-EADBAACE0195}.Debug|Any CPU.Build.0 = Debug|Any CPU
		{8FD3B22E-B65D-4CB3-ADEF-EADBAACE0195}.Release|Any CPU.ActiveCfg = Release|Any CPU
		{8FD3B22E-B65D-4CB3-ADEF-EADBAACE0195}.Release|Any CPU.Build.0 = Release|Any CPU
		{72D3C4B6-9BFE-4230-BB9D-0FF7E03EFBB5}.Debug|Any CPU.ActiveCfg = Debug|Any CPU
		{72D3C4B6-9BFE-4230-BB9D-0FF7E03EFBB5}.Debug|Any CPU.Build.0 = Debug|Any CPU
		{72D3C4B6-9BFE-4230-BB9D-0FF7E03EFBB5}.Release|Any CPU.ActiveCfg = Release|Any CPU
		{72D3C4B6-9BFE-4230-BB9D-0FF7E03EFBB5}.Release|Any CPU.Build.0 = Release|Any CPU
		{24809FA1-C614-4A3F-A5CE-75A835036F8B}.Debug|Any CPU.ActiveCfg = Debug|Any CPU
		{24809FA1-C614-4A3F-A5CE-75A835036F8B}.Debug|Any CPU.Build.0 = Debug|Any CPU
		{24809FA1-C614-4A3F-A5CE-75A835036F8B}.Release|Any CPU.ActiveCfg = Release|Any CPU
		{24809FA1-C614-4A3F-A5CE-75A835036F8B}.Release|Any CPU.Build.0 = Release|Any CPU
		{79626217-564C-49A8-A21B-6A33FACECA22}.Debug|Any CPU.ActiveCfg = Debug|Any CPU
		{79626217-564C-49A8-A21B-6A33FACECA22}.Debug|Any CPU.Build.0 = Debug|Any CPU
		{79626217-564C-49A8-A21B-6A33FACECA22}.Release|Any CPU.ActiveCfg = Release|Any CPU
		{79626217-564C-49A8-A21B-6A33FACECA22}.Release|Any CPU.Build.0 = Release|Any CPU
	EndGlobalSection
EndGlobal
